// !$*UTF8*$!
{
	archiveVersion = 1;
	classes = {
	};
	objectVersion = 46;
	objects = {

/* Begin PBXBuildFile section */
		2703E1381D8380C300B149A5 /* QuickCategoryCollectionViewController.swift in Sources */ = {isa = PBXBuildFile; fileRef = 2703E1371D8380C300B149A5 /* QuickCategoryCollectionViewController.swift */; };
		2703E13A1D83883A00B149A5 /* SmartExtension.swift in Sources */ = {isa = PBXBuildFile; fileRef = 2703E1391D83883A00B149A5 /* SmartExtension.swift */; };
		2703E13C1D84233900B149A5 /* Helper.swift in Sources */ = {isa = PBXBuildFile; fileRef = 2703E13B1D84233900B149A5 /* Helper.swift */; };
		2703E13E1D8424A900B149A5 /* SharedParams.swift in Sources */ = {isa = PBXBuildFile; fileRef = 2703E13D1D8424A900B149A5 /* SharedParams.swift */; };
		2706A0EC1D7C579E0031F76A /* DataManager.swift in Sources */ = {isa = PBXBuildFile; fileRef = 2706A0EB1D7C579E0031F76A /* DataManager.swift */; };
		2706A0EE1D7C58DB0031F76A /* Style.swift in Sources */ = {isa = PBXBuildFile; fileRef = 2706A0ED1D7C58DB0031F76A /* Style.swift */; };
		2706A0F01D7C5A6A0031F76A /* test.plist in Resources */ = {isa = PBXBuildFile; fileRef = 2706A0EF1D7C5A6A0031F76A /* test.plist */; };
		270B87BD1DB5D08E00C2162B /* Pic.xcassets in Resources */ = {isa = PBXBuildFile; fileRef = 270B87BC1DB5D08E00C2162B /* Pic.xcassets */; };
		271929E91D7774F9004383E3 /* WordCollectionViewCell.swift in Sources */ = {isa = PBXBuildFile; fileRef = 271929E81D7774F9004383E3 /* WordCollectionViewCell.swift */; };
		272C4CD71D9946420029C909 /* PicTalkSynthesizer.swift in Sources */ = {isa = PBXBuildFile; fileRef = 272C4CD61D9946420029C909 /* PicTalkSynthesizer.swift */; };
		272C4CD91D996F570029C909 /* UtterManager.swift in Sources */ = {isa = PBXBuildFile; fileRef = 272C4CD81D996F570029C909 /* UtterManager.swift */; };
		2735629C1D7A1AD700302289 /* DataItem.swift in Sources */ = {isa = PBXBuildFile; fileRef = 2735629B1D7A1AD700302289 /* DataItem.swift */; };
		273562A11D7A267D00302289 /* MessageColelctionView.swift in Sources */ = {isa = PBXBuildFile; fileRef = 273562A01D7A267D00302289 /* MessageColelctionView.swift */; };
		273562A51D7AD47E00302289 /* MessageCollectionViewCell.swift in Sources */ = {isa = PBXBuildFile; fileRef = 273562A41D7AD47E00302289 /* MessageCollectionViewCell.swift */; };
		273562A71D7AFB1200302289 /* WordCollectionView.swift in Sources */ = {isa = PBXBuildFile; fileRef = 273562A61D7AFB1200302289 /* WordCollectionView.swift */; };
		273562AC1D7B03D600302289 /* ContextCollectionView.swift in Sources */ = {isa = PBXBuildFile; fileRef = 273562AB1D7B03D600302289 /* ContextCollectionView.swift */; };
		276284F21D74D282001F8039 /* AppDelegate.swift in Sources */ = {isa = PBXBuildFile; fileRef = 276284F11D74D282001F8039 /* AppDelegate.swift */; };
		276284F41D74D282001F8039 /* MainViewController.swift in Sources */ = {isa = PBXBuildFile; fileRef = 276284F31D74D282001F8039 /* MainViewController.swift */; };
		276284F71D74D282001F8039 /* Main.storyboard in Resources */ = {isa = PBXBuildFile; fileRef = 276284F51D74D282001F8039 /* Main.storyboard */; };
		276284FA1D74D282001F8039 /* PicTalkMedic.xcdatamodeld in Sources */ = {isa = PBXBuildFile; fileRef = 276284F81D74D282001F8039 /* PicTalkMedic.xcdatamodeld */; };
		276284FC1D74D282001F8039 /* Assets.xcassets in Resources */ = {isa = PBXBuildFile; fileRef = 276284FB1D74D282001F8039 /* Assets.xcassets */; };
		276284FF1D74D282001F8039 /* LaunchScreen.storyboard in Resources */ = {isa = PBXBuildFile; fileRef = 276284FD1D74D282001F8039 /* LaunchScreen.storyboard */; };
		2762850A1D74D282001F8039 /* PicTalkMedicTests.swift in Sources */ = {isa = PBXBuildFile; fileRef = 276285091D74D282001F8039 /* PicTalkMedicTests.swift */; };
		277FD8971D76379F009FE0BA /* ContextCollectionViewCell.swift in Sources */ = {isa = PBXBuildFile; fileRef = 277FD8961D76379F009FE0BA /* ContextCollectionViewCell.swift */; };
		27A367C21D7F4F9C0015A4BB /* Category.swift in Sources */ = {isa = PBXBuildFile; fileRef = 27A367C11D7F4F9C0015A4BB /* Category.swift */; };
		27B23FB91D80B72F00A11F95 /* PicTalkCollectionView.swift in Sources */ = {isa = PBXBuildFile; fileRef = 27B23FB81D80B72F00A11F95 /* PicTalkCollectionView.swift */; };
		27DB5E3F1DFEED8D001D11D8 /* TouchVisualizer.framework in Frameworks */ = {isa = PBXBuildFile; fileRef = 27DB5E3A1DFEED0A001D11D8 /* TouchVisualizer.framework */; };
		27DB5E401DFEED8D001D11D8 /* TouchVisualizer.framework in Embed Frameworks */ = {isa = PBXBuildFile; fileRef = 27DB5E3A1DFEED0A001D11D8 /* TouchVisualizer.framework */; settings = {ATTRIBUTES = (CodeSignOnCopy, RemoveHeadersOnCopy, ); }; };
		27DDD7391D98B49B00F70267 /* SpeakerButton.swift in Sources */ = {isa = PBXBuildFile; fileRef = 27DDD7381D98B49B00F70267 /* SpeakerButton.swift */; };
/* End PBXBuildFile section */

/* Begin PBXContainerItemProxy section */
		276285061D74D282001F8039 /* PBXContainerItemProxy */ = {
			isa = PBXContainerItemProxy;
			containerPortal = 276284E61D74D282001F8039 /* Project object */;
			proxyType = 1;
			remoteGlobalIDString = 276284ED1D74D282001F8039;
			remoteInfo = PicTalkMedic;
		};
/* End PBXContainerItemProxy section */

/* Begin PBXCopyFilesBuildPhase section */
		27DB5E411DFEED8D001D11D8 /* Embed Frameworks */ = {
			isa = PBXCopyFilesBuildPhase;
			buildActionMask = 2147483647;
			dstPath = "";
			dstSubfolderSpec = 10;
			files = (
				27DB5E401DFEED8D001D11D8 /* TouchVisualizer.framework in Embed Frameworks */,
			);
			name = "Embed Frameworks";
			runOnlyForDeploymentPostprocessing = 0;
		};
/* End PBXCopyFilesBuildPhase section */

/* Begin PBXFileReference section */
		2703E1371D8380C300B149A5 /* QuickCategoryCollectionViewController.swift */ = {isa = PBXFileReference; fileEncoding = 4; lastKnownFileType = sourcecode.swift; path = QuickCategoryCollectionViewController.swift; sourceTree = "<group>"; };
		2703E1391D83883A00B149A5 /* SmartExtension.swift */ = {isa = PBXFileReference; fileEncoding = 4; lastKnownFileType = sourcecode.swift; path = SmartExtension.swift; sourceTree = "<group>"; };
		2703E13B1D84233900B149A5 /* Helper.swift */ = {isa = PBXFileReference; fileEncoding = 4; lastKnownFileType = sourcecode.swift; path = Helper.swift; sourceTree = "<group>"; };
		2703E13D1D8424A900B149A5 /* SharedParams.swift */ = {isa = PBXFileReference; fileEncoding = 4; lastKnownFileType = sourcecode.swift; path = SharedParams.swift; sourceTree = "<group>"; };
		2706A0EB1D7C579E0031F76A /* DataManager.swift */ = {isa = PBXFileReference; fileEncoding = 4; lastKnownFileType = sourcecode.swift; path = DataManager.swift; sourceTree = "<group>"; };
		2706A0ED1D7C58DB0031F76A /* Style.swift */ = {isa = PBXFileReference; fileEncoding = 4; lastKnownFileType = sourcecode.swift; path = Style.swift; sourceTree = "<group>"; };
		2706A0EF1D7C5A6A0031F76A /* test.plist */ = {isa = PBXFileReference; fileEncoding = 4; lastKnownFileType = text.plist.xml; path = test.plist; sourceTree = "<group>"; };
		270B87BC1DB5D08E00C2162B /* Pic.xcassets */ = {isa = PBXFileReference; lastKnownFileType = folder.assetcatalog; path = Pic.xcassets; sourceTree = "<group>"; };
		271929E81D7774F9004383E3 /* WordCollectionViewCell.swift */ = {isa = PBXFileReference; fileEncoding = 4; lastKnownFileType = sourcecode.swift; path = WordCollectionViewCell.swift; sourceTree = "<group>"; };
		272C4CD61D9946420029C909 /* PicTalkSynthesizer.swift */ = {isa = PBXFileReference; fileEncoding = 4; lastKnownFileType = sourcecode.swift; path = PicTalkSynthesizer.swift; sourceTree = "<group>"; };
		272C4CD81D996F570029C909 /* UtterManager.swift */ = {isa = PBXFileReference; fileEncoding = 4; lastKnownFileType = sourcecode.swift; path = UtterManager.swift; sourceTree = "<group>"; };
		2735629B1D7A1AD700302289 /* DataItem.swift */ = {isa = PBXFileReference; fileEncoding = 4; lastKnownFileType = sourcecode.swift; path = DataItem.swift; sourceTree = "<group>"; };
		273562A01D7A267D00302289 /* MessageColelctionView.swift */ = {isa = PBXFileReference; fileEncoding = 4; lastKnownFileType = sourcecode.swift; path = MessageColelctionView.swift; sourceTree = "<group>"; };
		273562A41D7AD47E00302289 /* MessageCollectionViewCell.swift */ = {isa = PBXFileReference; fileEncoding = 4; lastKnownFileType = sourcecode.swift; path = MessageCollectionViewCell.swift; sourceTree = "<group>"; };
		273562A61D7AFB1200302289 /* WordCollectionView.swift */ = {isa = PBXFileReference; fileEncoding = 4; lastKnownFileType = sourcecode.swift; path = WordCollectionView.swift; sourceTree = "<group>"; };
		273562AB1D7B03D600302289 /* ContextCollectionView.swift */ = {isa = PBXFileReference; fileEncoding = 4; lastKnownFileType = sourcecode.swift; path = ContextCollectionView.swift; sourceTree = "<group>"; };
		276284EE1D74D282001F8039 /* PicTalkMedic.app */ = {isa = PBXFileReference; explicitFileType = wrapper.application; includeInIndex = 0; path = PicTalkMedic.app; sourceTree = BUILT_PRODUCTS_DIR; };
		276284F11D74D282001F8039 /* AppDelegate.swift */ = {isa = PBXFileReference; lastKnownFileType = sourcecode.swift; path = AppDelegate.swift; sourceTree = "<group>"; };
		276284F31D74D282001F8039 /* MainViewController.swift */ = {isa = PBXFileReference; lastKnownFileType = sourcecode.swift; path = MainViewController.swift; sourceTree = "<group>"; };
		276284F61D74D282001F8039 /* Base */ = {isa = PBXFileReference; lastKnownFileType = file.storyboard; name = Base; path = Base.lproj/Main.storyboard; sourceTree = "<group>"; };
		276284F91D74D282001F8039 /* PicTalkMedic.xcdatamodel */ = {isa = PBXFileReference; lastKnownFileType = wrapper.xcdatamodel; path = PicTalkMedic.xcdatamodel; sourceTree = "<group>"; };
		276284FB1D74D282001F8039 /* Assets.xcassets */ = {isa = PBXFileReference; lastKnownFileType = folder.assetcatalog; path = Assets.xcassets; sourceTree = "<group>"; };
		276284FE1D74D282001F8039 /* Base */ = {isa = PBXFileReference; lastKnownFileType = file.storyboard; name = Base; path = Base.lproj/LaunchScreen.storyboard; sourceTree = "<group>"; };
		276285001D74D282001F8039 /* Info.plist */ = {isa = PBXFileReference; lastKnownFileType = text.plist.xml; path = Info.plist; sourceTree = "<group>"; };
		276285051D74D282001F8039 /* PicTalkMedicTests.xctest */ = {isa = PBXFileReference; explicitFileType = wrapper.cfbundle; includeInIndex = 0; path = PicTalkMedicTests.xctest; sourceTree = BUILT_PRODUCTS_DIR; };
		276285091D74D282001F8039 /* PicTalkMedicTests.swift */ = {isa = PBXFileReference; lastKnownFileType = sourcecode.swift; path = PicTalkMedicTests.swift; sourceTree = "<group>"; };
		2762850B1D74D282001F8039 /* Info.plist */ = {isa = PBXFileReference; lastKnownFileType = text.plist.xml; path = Info.plist; sourceTree = "<group>"; };
		277FD8961D76379F009FE0BA /* ContextCollectionViewCell.swift */ = {isa = PBXFileReference; fileEncoding = 4; lastKnownFileType = sourcecode.swift; path = ContextCollectionViewCell.swift; sourceTree = "<group>"; };
		27A367C11D7F4F9C0015A4BB /* Category.swift */ = {isa = PBXFileReference; fileEncoding = 4; lastKnownFileType = sourcecode.swift; path = Category.swift; sourceTree = "<group>"; };
		27B23FB81D80B72F00A11F95 /* PicTalkCollectionView.swift */ = {isa = PBXFileReference; fileEncoding = 4; lastKnownFileType = sourcecode.swift; path = PicTalkCollectionView.swift; sourceTree = "<group>"; };
		27DB5E3A1DFEED0A001D11D8 /* TouchVisualizer.framework */ = {isa = PBXFileReference; lastKnownFileType = wrapper.framework; name = TouchVisualizer.framework; path = Carthage/Build/iOS/TouchVisualizer.framework; sourceTree = "<group>"; };
		27DDD7381D98B49B00F70267 /* SpeakerButton.swift */ = {isa = PBXFileReference; fileEncoding = 4; lastKnownFileType = sourcecode.swift; path = SpeakerButton.swift; sourceTree = "<group>"; };
/* End PBXFileReference section */

/* Begin PBXFrameworksBuildPhase section */
		276284EB1D74D282001F8039 /* Frameworks */ = {
			isa = PBXFrameworksBuildPhase;
			buildActionMask = 2147483647;
			files = (
				27DB5E3F1DFEED8D001D11D8 /* TouchVisualizer.framework in Frameworks */,
			);
			runOnlyForDeploymentPostprocessing = 0;
		};
		276285021D74D282001F8039 /* Frameworks */ = {
			isa = PBXFrameworksBuildPhase;
			buildActionMask = 2147483647;
			files = (
			);
			runOnlyForDeploymentPostprocessing = 0;
		};
/* End PBXFrameworksBuildPhase section */

/* Begin PBXGroup section */
		2703E1361D83540F00B149A5 /* Helper */ = {
			isa = PBXGroup;
			children = (
				272C4CD81D996F570029C909 /* UtterManager.swift */,
				2703E13B1D84233900B149A5 /* Helper.swift */,
				2703E13D1D8424A900B149A5 /* SharedParams.swift */,
				27A367C11D7F4F9C0015A4BB /* Category.swift */,
				2706A0EB1D7C579E0031F76A /* DataManager.swift */,
				2735629B1D7A1AD700302289 /* DataItem.swift */,
				27B23FB81D80B72F00A11F95 /* PicTalkCollectionView.swift */,
			);
			name = Helper;
			sourceTree = "<group>";
		};
		273562A81D7AFCCB00302289 /* Message */ = {
			isa = PBXGroup;
			children = (
				273562A01D7A267D00302289 /* MessageColelctionView.swift */,
				273562A41D7AD47E00302289 /* MessageCollectionViewCell.swift */,
			);
			name = Message;
			sourceTree = "<group>";
		};
		273562A91D7AFCDB00302289 /* Words */ = {
			isa = PBXGroup;
			children = (
				273562A61D7AFB1200302289 /* WordCollectionView.swift */,
				2703E1391D83883A00B149A5 /* SmartExtension.swift */,
				271929E81D7774F9004383E3 /* WordCollectionViewCell.swift */,
				2706A0ED1D7C58DB0031F76A /* Style.swift */,
			);
			name = Words;
			sourceTree = "<group>";
		};
		273562AA1D7B034700302289 /* Context */ = {
			isa = PBXGroup;
			children = (
				273562AB1D7B03D600302289 /* ContextCollectionView.swift */,
				277FD8961D76379F009FE0BA /* ContextCollectionViewCell.swift */,
				2703E1371D8380C300B149A5 /* QuickCategoryCollectionViewController.swift */,
			);
			name = Context;
			sourceTree = "<group>";
		};
		276284E51D74D282001F8039 = {
			isa = PBXGroup;
			children = (
				276284F01D74D282001F8039 /* PicTalkMedic */,
				276285081D74D282001F8039 /* PicTalkMedicTests */,
				276284EF1D74D282001F8039 /* Products */,
				27DB5E3A1DFEED0A001D11D8 /* TouchVisualizer.framework */,
			);
			sourceTree = "<group>";
		};
		276284EF1D74D282001F8039 /* Products */ = {
			isa = PBXGroup;
			children = (
				276284EE1D74D282001F8039 /* PicTalkMedic.app */,
				276285051D74D282001F8039 /* PicTalkMedicTests.xctest */,
			);
			name = Products;
			sourceTree = "<group>";
		};
		276284F01D74D282001F8039 /* PicTalkMedic */ = {
			isa = PBXGroup;
			children = (
				276284F51D74D282001F8039 /* Main.storyboard */,
				27DDD7381D98B49B00F70267 /* SpeakerButton.swift */,
				276284F31D74D282001F8039 /* MainViewController.swift */,
				272C4CD61D9946420029C909 /* PicTalkSynthesizer.swift */,
				2703E1361D83540F00B149A5 /* Helper */,
				273562AA1D7B034700302289 /* Context */,
				273562A91D7AFCDB00302289 /* Words */,
				273562A81D7AFCCB00302289 /* Message */,
				278A97A11D7B115900617A5D /* Others */,
			);
			path = PicTalkMedic;
			sourceTree = "<group>";
		};
		276285081D74D282001F8039 /* PicTalkMedicTests */ = {
			isa = PBXGroup;
			children = (
				276285091D74D282001F8039 /* PicTalkMedicTests.swift */,
				2762850B1D74D282001F8039 /* Info.plist */,
			);
			path = PicTalkMedicTests;
			sourceTree = "<group>";
		};
		278A97A11D7B115900617A5D /* Others */ = {
			isa = PBXGroup;
			children = (
				276284FB1D74D282001F8039 /* Assets.xcassets */,
				2706A0EF1D7C5A6A0031F76A /* test.plist */,
				276284FD1D74D282001F8039 /* LaunchScreen.storyboard */,
				276284F11D74D282001F8039 /* AppDelegate.swift */,
				270B87BC1DB5D08E00C2162B /* Pic.xcassets */,
				276285001D74D282001F8039 /* Info.plist */,
				276284F81D74D282001F8039 /* PicTalkMedic.xcdatamodeld */,
			);
			name = Others;
			sourceTree = "<group>";
		};
/* End PBXGroup section */

/* Begin PBXNativeTarget section */
		276284ED1D74D282001F8039 /* PicTalkMedic */ = {
			isa = PBXNativeTarget;
			buildConfigurationList = 2762850E1D74D282001F8039 /* Build configuration list for PBXNativeTarget "PicTalkMedic" */;
			buildPhases = (
				276284EA1D74D282001F8039 /* Sources */,
				276284EB1D74D282001F8039 /* Frameworks */,
				276284EC1D74D282001F8039 /* Resources */,
				27DB5E411DFEED8D001D11D8 /* Embed Frameworks */,
			);
			buildRules = (
			);
			dependencies = (
			);
			name = PicTalkMedic;
			productName = PicTalkMedic;
			productReference = 276284EE1D74D282001F8039 /* PicTalkMedic.app */;
			productType = "com.apple.product-type.application";
		};
		276285041D74D282001F8039 /* PicTalkMedicTests */ = {
			isa = PBXNativeTarget;
			buildConfigurationList = 276285111D74D282001F8039 /* Build configuration list for PBXNativeTarget "PicTalkMedicTests" */;
			buildPhases = (
				276285011D74D282001F8039 /* Sources */,
				276285021D74D282001F8039 /* Frameworks */,
				276285031D74D282001F8039 /* Resources */,
			);
			buildRules = (
			);
			dependencies = (
				276285071D74D282001F8039 /* PBXTargetDependency */,
			);
			name = PicTalkMedicTests;
			productName = PicTalkMedicTests;
			productReference = 276285051D74D282001F8039 /* PicTalkMedicTests.xctest */;
			productType = "com.apple.product-type.bundle.unit-test";
		};
/* End PBXNativeTarget section */

/* Begin PBXProject section */
		276284E61D74D282001F8039 /* Project object */ = {
			isa = PBXProject;
			attributes = {
				LastSwiftUpdateCheck = 0730;
				LastUpgradeCheck = 0800;
				ORGANIZATIONNAME = pictalk.se;
				TargetAttributes = {
					276284ED1D74D282001F8039 = {
						CreatedOnToolsVersion = 7.3;
						DevelopmentTeam = JFRSPHJ244;
						LastSwiftMigration = 0800;
					};
					276285041D74D282001F8039 = {
						CreatedOnToolsVersion = 7.3;
						LastSwiftMigration = 0800;
						TestTargetID = 276284ED1D74D282001F8039;
					};
				};
			};
			buildConfigurationList = 276284E91D74D282001F8039 /* Build configuration list for PBXProject "PicTalkMedic" */;
			compatibilityVersion = "Xcode 3.2";
			developmentRegion = English;
			hasScannedForEncodings = 0;
			knownRegions = (
				en,
				Base,
			);
			mainGroup = 276284E51D74D282001F8039;
			productRefGroup = 276284EF1D74D282001F8039 /* Products */;
			projectDirPath = "";
			projectRoot = "";
			targets = (
				276284ED1D74D282001F8039 /* PicTalkMedic */,
				276285041D74D282001F8039 /* PicTalkMedicTests */,
			);
		};
/* End PBXProject section */

/* Begin PBXResourcesBuildPhase section */
		276284EC1D74D282001F8039 /* Resources */ = {
			isa = PBXResourcesBuildPhase;
			buildActionMask = 2147483647;
			files = (
				2706A0F01D7C5A6A0031F76A /* test.plist in Resources */,
				276284FF1D74D282001F8039 /* LaunchScreen.storyboard in Resources */,
				270B87BD1DB5D08E00C2162B /* Pic.xcassets in Resources */,
				276284FC1D74D282001F8039 /* Assets.xcassets in Resources */,
				276284F71D74D282001F8039 /* Main.storyboard in Resources */,
			);
			runOnlyForDeploymentPostprocessing = 0;
		};
		276285031D74D282001F8039 /* Resources */ = {
			isa = PBXResourcesBuildPhase;
			buildActionMask = 2147483647;
			files = (
			);
			runOnlyForDeploymentPostprocessing = 0;
		};
/* End PBXResourcesBuildPhase section */

/* Begin PBXSourcesBuildPhase section */
		276284EA1D74D282001F8039 /* Sources */ = {
			isa = PBXSourcesBuildPhase;
			buildActionMask = 2147483647;
			files = (
				273562A71D7AFB1200302289 /* WordCollectionView.swift in Sources */,
				272C4CD91D996F570029C909 /* UtterManager.swift in Sources */,
				277FD8971D76379F009FE0BA /* ContextCollectionViewCell.swift in Sources */,
				271929E91D7774F9004383E3 /* WordCollectionViewCell.swift in Sources */,
				2706A0EC1D7C579E0031F76A /* DataManager.swift in Sources */,
				2706A0EE1D7C58DB0031F76A /* Style.swift in Sources */,
				2703E1381D8380C300B149A5 /* QuickCategoryCollectionViewController.swift in Sources */,
				2703E13A1D83883A00B149A5 /* SmartExtension.swift in Sources */,
				272C4CD71D9946420029C909 /* PicTalkSynthesizer.swift in Sources */,
				2703E13C1D84233900B149A5 /* Helper.swift in Sources */,
				27A367C21D7F4F9C0015A4BB /* Category.swift in Sources */,
				276284F41D74D282001F8039 /* MainViewController.swift in Sources */,
				273562AC1D7B03D600302289 /* ContextCollectionView.swift in Sources */,
				27B23FB91D80B72F00A11F95 /* PicTalkCollectionView.swift in Sources */,
				276284FA1D74D282001F8039 /* PicTalkMedic.xcdatamodeld in Sources */,
				273562A51D7AD47E00302289 /* MessageCollectionViewCell.swift in Sources */,
				2703E13E1D8424A900B149A5 /* SharedParams.swift in Sources */,
				276284F21D74D282001F8039 /* AppDelegate.swift in Sources */,
				2735629C1D7A1AD700302289 /* DataItem.swift in Sources */,
				273562A11D7A267D00302289 /* MessageColelctionView.swift in Sources */,
				27DDD7391D98B49B00F70267 /* SpeakerButton.swift in Sources */,
			);
			runOnlyForDeploymentPostprocessing = 0;
		};
		276285011D74D282001F8039 /* Sources */ = {
			isa = PBXSourcesBuildPhase;
			buildActionMask = 2147483647;
			files = (
				2762850A1D74D282001F8039 /* PicTalkMedicTests.swift in Sources */,
			);
			runOnlyForDeploymentPostprocessing = 0;
		};
/* End PBXSourcesBuildPhase section */

/* Begin PBXTargetDependency section */
		276285071D74D282001F8039 /* PBXTargetDependency */ = {
			isa = PBXTargetDependency;
			target = 276284ED1D74D282001F8039 /* PicTalkMedic */;
			targetProxy = 276285061D74D282001F8039 /* PBXContainerItemProxy */;
		};
/* End PBXTargetDependency section */

/* Begin PBXVariantGroup section */
		276284F51D74D282001F8039 /* Main.storyboard */ = {
			isa = PBXVariantGroup;
			children = (
				276284F61D74D282001F8039 /* Base */,
			);
			name = Main.storyboard;
			sourceTree = "<group>";
		};
		276284FD1D74D282001F8039 /* LaunchScreen.storyboard */ = {
			isa = PBXVariantGroup;
			children = (
				276284FE1D74D282001F8039 /* Base */,
			);
			name = LaunchScreen.storyboard;
			sourceTree = "<group>";
		};
/* End PBXVariantGroup section */

/* Begin XCBuildConfiguration section */
		2762850C1D74D282001F8039 /* Debug */ = {
			isa = XCBuildConfiguration;
			buildSettings = {
				ALWAYS_SEARCH_USER_PATHS = NO;
				CLANG_ANALYZER_NONNULL = YES;
				CLANG_CXX_LANGUAGE_STANDARD = "gnu++0x";
				CLANG_CXX_LIBRARY = "libc++";
				CLANG_ENABLE_MODULES = YES;
				CLANG_ENABLE_OBJC_ARC = YES;
				CLANG_WARN_BOOL_CONVERSION = YES;
				CLANG_WARN_CONSTANT_CONVERSION = YES;
				CLANG_WARN_DIRECT_OBJC_ISA_USAGE = YES_ERROR;
				CLANG_WARN_EMPTY_BODY = YES;
				CLANG_WARN_ENUM_CONVERSION = YES;
				CLANG_WARN_INFINITE_RECURSION = YES;
				CLANG_WARN_INT_CONVERSION = YES;
				CLANG_WARN_OBJC_ROOT_CLASS = YES_ERROR;
				CLANG_WARN_SUSPICIOUS_MOVE = YES;
				CLANG_WARN_UNREACHABLE_CODE = YES;
				CLANG_WARN__DUPLICATE_METHOD_MATCH = YES;
				"CODE_SIGN_IDENTITY[sdk=iphoneos*]" = "iPhone Developer";
				COPY_PHASE_STRIP = NO;
				DEBUG_INFORMATION_FORMAT = dwarf;
				ENABLE_STRICT_OBJC_MSGSEND = YES;
				ENABLE_TESTABILITY = YES;
				GCC_C_LANGUAGE_STANDARD = gnu99;
				GCC_DYNAMIC_NO_PIC = NO;
				GCC_NO_COMMON_BLOCKS = YES;
				GCC_OPTIMIZATION_LEVEL = 0;
				GCC_PREPROCESSOR_DEFINITIONS = (
					"DEBUG=1",
					"$(inherited)",
				);
				GCC_WARN_64_TO_32_BIT_CONVERSION = YES;
				GCC_WARN_ABOUT_RETURN_TYPE = YES_ERROR;
				GCC_WARN_UNDECLARED_SELECTOR = YES;
				GCC_WARN_UNINITIALIZED_AUTOS = YES_AGGRESSIVE;
				GCC_WARN_UNUSED_FUNCTION = YES;
				GCC_WARN_UNUSED_VARIABLE = YES;
				IPHONEOS_DEPLOYMENT_TARGET = 9.3;
				MTL_ENABLE_DEBUG_INFO = YES;
				ONLY_ACTIVE_ARCH = YES;
				SDKROOT = iphoneos;
				SWIFT_OPTIMIZATION_LEVEL = "-Onone";
				TARGETED_DEVICE_FAMILY = 2;
			};
			name = Debug;
		};
		2762850D1D74D282001F8039 /* Release */ = {
			isa = XCBuildConfiguration;
			buildSettings = {
				ALWAYS_SEARCH_USER_PATHS = NO;
				CLANG_ANALYZER_NONNULL = YES;
				CLANG_CXX_LANGUAGE_STANDARD = "gnu++0x";
				CLANG_CXX_LIBRARY = "libc++";
				CLANG_ENABLE_MODULES = YES;
				CLANG_ENABLE_OBJC_ARC = YES;
				CLANG_WARN_BOOL_CONVERSION = YES;
				CLANG_WARN_CONSTANT_CONVERSION = YES;
				CLANG_WARN_DIRECT_OBJC_ISA_USAGE = YES_ERROR;
				CLANG_WARN_EMPTY_BODY = YES;
				CLANG_WARN_ENUM_CONVERSION = YES;
				CLANG_WARN_INFINITE_RECURSION = YES;
				CLANG_WARN_INT_CONVERSION = YES;
				CLANG_WARN_OBJC_ROOT_CLASS = YES_ERROR;
				CLANG_WARN_SUSPICIOUS_MOVE = YES;
				CLANG_WARN_UNREACHABLE_CODE = YES;
				CLANG_WARN__DUPLICATE_METHOD_MATCH = YES;
				"CODE_SIGN_IDENTITY[sdk=iphoneos*]" = "iPhone Developer";
				COPY_PHASE_STRIP = NO;
				DEBUG_INFORMATION_FORMAT = "dwarf-with-dsym";
				ENABLE_NS_ASSERTIONS = NO;
				ENABLE_STRICT_OBJC_MSGSEND = YES;
				GCC_C_LANGUAGE_STANDARD = gnu99;
				GCC_NO_COMMON_BLOCKS = YES;
				GCC_WARN_64_TO_32_BIT_CONVERSION = YES;
				GCC_WARN_ABOUT_RETURN_TYPE = YES_ERROR;
				GCC_WARN_UNDECLARED_SELECTOR = YES;
				GCC_WARN_UNINITIALIZED_AUTOS = YES_AGGRESSIVE;
				GCC_WARN_UNUSED_FUNCTION = YES;
				GCC_WARN_UNUSED_VARIABLE = YES;
				IPHONEOS_DEPLOYMENT_TARGET = 9.3;
				MTL_ENABLE_DEBUG_INFO = NO;
				SDKROOT = iphoneos;
				SWIFT_OPTIMIZATION_LEVEL = "-Owholemodule";
				TARGETED_DEVICE_FAMILY = 2;
				VALIDATE_PRODUCT = YES;
			};
			name = Release;
		};
		2762850F1D74D282001F8039 /* Debug */ = {
			isa = XCBuildConfiguration;
			buildSettings = {
				ASSETCATALOG_COMPILER_APPICON_NAME = AppIcon;
				DEVELOPMENT_TEAM = JFRSPHJ244;
				FRAMEWORK_SEARCH_PATHS = (
					"$(inherited)",
					"$(PROJECT_DIR)/Carthage/Build/iOS",
				);
				INFOPLIST_FILE = PicTalkMedic/Info.plist;
				LD_RUNPATH_SEARCH_PATHS = "$(inherited) @executable_path/Frameworks";
				PRODUCT_BUNDLE_IDENTIFIER = pictalk.se.PicTalkMedic;
				PRODUCT_NAME = "$(TARGET_NAME)";
				SWIFT_VERSION = 3.0;
				TARGETED_DEVICE_FAMILY = 2;
			};
			name = Debug;
		};
		276285101D74D282001F8039 /* Release */ = {
			isa = XCBuildConfiguration;
			buildSettings = {
				ASSETCATALOG_COMPILER_APPICON_NAME = AppIcon;
				DEVELOPMENT_TEAM = JFRSPHJ244;
				FRAMEWORK_SEARCH_PATHS = (
					"$(inherited)",
					"$(PROJECT_DIR)/Carthage/Build/iOS",
				);
				INFOPLIST_FILE = PicTalkMedic/Info.plist;
				LD_RUNPATH_SEARCH_PATHS = "$(inherited) @executable_path/Frameworks";
				PRODUCT_BUNDLE_IDENTIFIER = pictalk.se.PicTalkMedic;
				PRODUCT_NAME = "$(TARGET_NAME)";
				SWIFT_VERSION = 3.0;
				TARGETED_DEVICE_FAMILY = 2;
			};
			name = Release;
		};
		276285121D74D282001F8039 /* Debug */ = {
			isa = XCBuildConfiguration;
			buildSettings = {
				BUNDLE_LOADER = "$(TEST_HOST)";
				INFOPLIST_FILE = PicTalkMedicTests/Info.plist;
				LD_RUNPATH_SEARCH_PATHS = "$(inherited) @executable_path/Frameworks @loader_path/Frameworks";
				PRODUCT_BUNDLE_IDENTIFIER = pictalk.se.PicTalkMedicTests;
				PRODUCT_NAME = "$(TARGET_NAME)";
				SWIFT_VERSION = 3.0;
				TEST_HOST = "$(BUILT_PRODUCTS_DIR)/PicTalkMedic.app/PicTalkMedic";
			};
			name = Debug;
		};
		276285131D74D282001F8039 /* Release */ = {
			isa = XCBuildConfiguration;
			buildSettings = {
				BUNDLE_LOADER = "$(TEST_HOST)";
				INFOPLIST_FILE = PicTalkMedicTests/Info.plist;
				LD_RUNPATH_SEARCH_PATHS = "$(inherited) @executable_path/Frameworks @loader_path/Frameworks";
				PRODUCT_BUNDLE_IDENTIFIER = pictalk.se.PicTalkMedicTests;
				PRODUCT_NAME = "$(TARGET_NAME)";
				SWIFT_VERSION = 3.0;
				TEST_HOST = "$(BUILT_PRODUCTS_DIR)/PicTalkMedic.app/PicTalkMedic";
			};
			name = Release;
		};
/* End XCBuildConfiguration section */

/* Begin XCConfigurationList section */
		276284E91D74D282001F8039 /* Build configuration list for PBXProject "PicTalkMedic" */ = {
			isa = XCConfigurationList;
			buildConfigurations = (
				2762850C1D74D282001F8039 /* Debug */,
				2762850D1D74D282001F8039 /* Release */,
			);
			defaultConfigurationIsVisible = 0;
			defaultConfigurationName = Release;
		};
		2762850E1D74D282001F8039 /* Build configuration list for PBXNativeTarget "PicTalkMedic" */ = {
			isa = XCConfigurationList;
			buildConfigurations = (
				2762850F1D74D282001F8039 /* Debug */,
				276285101D74D282001F8039 /* Release */,
			);
			defaultConfigurationIsVisible = 0;
			defaultConfigurationName = Release;
		};
		276285111D74D282001F8039 /* Build configuration list for PBXNativeTarget "PicTalkMedicTests" */ = {
			isa = XCConfigurationList;
			buildConfigurations = (
				276285121D74D282001F8039 /* Debug */,
				276285131D74D282001F8039 /* Release */,
			);
			defaultConfigurationIsVisible = 0;
			defaultConfigurationName = Release;
		};
/* End XCConfigurationList section */

/* Begin XCVersionGroup section */
		276284F81D74D282001F8039 /* PicTalkMedic.xcdatamodeld */ = {
			isa = XCVersionGroup;
			children = (
				276284F91D74D282001F8039 /* PicTalkMedic.xcdatamodel */,
			);
			currentVersion = 276284F91D74D282001F8039 /* PicTalkMedic.xcdatamodel */;
			path = PicTalkMedic.xcdatamodeld;
			sourceTree = "<group>";
			versionGroupType = wrapper.xcdatamodel;
		};
/* End XCVersionGroup section */
	};
	rootObject = 276284E61D74D282001F8039 /* Project object */;
}
